Microsoft Visual Studio Solution File, Format Version 12.00
# Visual Studio Version 17
VisualStudioVersion = 17.14.36616.10
MinimumVisualStudioVersion = 10.0.40219.1
Project("{FAE04EC0-301F-11D3-BF4B-00C04F79EFBC}") = "Mars.Core", "src\Mars.Core\Mars.Core.csproj", "{4538C8A5-58EE-8280-8656-B0715C1EFCFB}"
EndProject
Project("{FAE04EC0-301F-11D3-BF4B-00C04F79EFBC}") = "Mars.Shared", "src\Mars.Shared\Mars.Shared.csproj", "{F9AA2D4E-D4FA-25DE-63C5-326D6E445CAE}"
EndProject
Project("{FAE04EC0-301F-11D3-BF4B-00C04F79EFBC}") = "Mars.Host.Shared", "src\Mars.Host.Shared\Mars.Host.Shared.csproj", "{1D2931E6-B748-5BA1-D8EF-F41647F0B3F8}"
EndProject
Project("{FAE04EC0-301F-11D3-BF4B-00C04F79EFBC}") = "Mars.Host.Data", "src\Mars.Host.Data\Mars.Host.Data.csproj", "{EF7C698C-CE6B-6A2C-3FBE-4FBC14A82D9C}"
EndProject
Project("{FAE04EC0-301F-11D3-BF4B-00C04F79EFBC}") = "Mars.Host.Repositories", "src\Mars.Host.Repositories\Mars.Host.Repositories.csproj", "{DD93499A-F496-0DD0-3FE4-1EF3AFFFCB9A}"
EndProject
Project("{FAE04EC0-301F-11D3-BF4B-00C04F79EFBC}") = "Mars.Host.Infrastructure", "src\Mars.Host.Infrastructure\Mars.Host.Infrastructure.csproj", "{C756A8FF-75FF-AB69-956B-6FBB8F754F05}"
EndProject
Project("{2150E333-8FDC-42A3-9474-1A3956D46DE8}") = "Core", "Core", "{02EA681E-C7D8-13C7-8484-4AC65E1B71E8}"
EndProject
Project("{2150E333-8FDC-42A3-9474-1A3956D46DE8}") = "Host", "Host", "{FE062109-9930-4643-9725-002DACBD091B}"
EndProject
Project("{2150E333-8FDC-42A3-9474-1A3956D46DE8}") = "Mars.Nodes", "Mars.Nodes", "{7044F725-E691-4C66-814C-C4ED23871946}"
EndProject
Project("{FAE04EC0-301F-11D3-BF4B-00C04F79EFBC}") = "Mars.Nodes.Core", "src\Mars.Nodes\Mars.Nodes.Core\Mars.Nodes.Core.csproj", "{E6D4A909-A67F-3406-25A8-8EEB33E1E004}"
EndProject
Project("{FAE04EC0-301F-11D3-BF4B-00C04F79EFBC}") = "Mars.Nodes.Core.Implements", "src\Mars.Nodes\Mars.Nodes.Core.Implements\Mars.Nodes.Core.Implements.csproj", "{5C7D733F-F783-ADDE-1754-7A7A0DC8ADE6}"
EndProject
Project("{FAE04EC0-301F-11D3-BF4B-00C04F79EFBC}") = "Mars.Nodes.Host", "src\Mars.Nodes\Mars.Nodes.Host\Mars.Nodes.Host.csproj", "{EA134E33-0847-E9A5-DA42-DCC14A77E2D6}"
EndProject
Project("{FAE04EC0-301F-11D3-BF4B-00C04F79EFBC}") = "Mars.Nodes.WebApp", "src\Mars.Nodes\Mars.Nodes.WebApp\Mars.Nodes.WebApp.csproj", "{2D59DF5A-79C8-6983-F8D8-89D1176802A5}"
EndProject
Project("{FAE04EC0-301F-11D3-BF4B-00C04F79EFBC}") = "Mars.Nodes.WebApp.Front", "src\Mars.Nodes\Mars.Nodes.WebApp.Front\Mars.Nodes.WebApp.Front.csproj", "{A16E9779-9886-8D9F-EEFA-E1F5309B0810}"
EndProject
Project("{FAE04EC0-301F-11D3-BF4B-00C04F79EFBC}") = "Mars.Nodes.WebApp.Implements", "src\Mars.Nodes\Mars.Nodes.WebApp.Implements\Mars.Nodes.WebApp.Implements.csproj", "{749B38BE-8A53-56DE-F876-AA05589D15E7}"
EndProject
Project("{2150E333-8FDC-42A3-9474-1A3956D46DE8}") = "Options", "Options", "{1335C4E7-820B-4533-99E3-1A076183B8CC}"
EndProject
Project("{FAE04EC0-301F-11D3-BF4B-00C04F79EFBC}") = "Mars.Options", "src\Mars.Options\Mars.Options\Mars.Options.csproj", "{A79AAEF5-8001-B335-3AC9-81AF0784972F}"
EndProject
Project("{FAE04EC0-301F-11D3-BF4B-00C04F79EFBC}") = "Mars.Options.Front", "src\Mars.Options\Mars.Options.Front\Mars.Options.Front.csproj", "{6ECCB7C6-CAC8-F05E-607D-96EA4A17F8FE}"
EndProject
Project("{FAE04EC0-301F-11D3-BF4B-00C04F79EFBC}") = "Mars.Options.Host", "src\Mars.Options\Mars.Options.Host\Mars.Options.Host.csproj", "{E018BC07-4EFA-8079-04AC-18A4E00551E4}"
EndProject
Project("{2150E333-8FDC-42A3-9474-1A3956D46DE8}") = "AppFront", "AppFront", "{54437917-C291-4423-8B0C-7206C4B1E9A2}"
EndProject
Project("{FAE04EC0-301F-11D3-BF4B-00C04F79EFBC}") = "AppFront.Shared", "src\AppFront.Shared\AppFront.Shared.csproj", "{726B3967-471D-1C6F-6B37-5774C951FDD1}"
EndProject
Project("{FAE04EC0-301F-11D3-BF4B-00C04F79EFBC}") = "AppFront.Main", "src\AppFront.Main\AppFront.Main.csproj", "{C7E2FDC6-E785-0856-C19D-4E8AC60A14DB}"
EndProject
Project("{2150E333-8FDC-42A3-9474-1A3956D46DE8}") = "Modules", "Modules", "{3959D17C-A3F8-46CC-8A23-DBF80A2F6260}"
EndProject
Project("{FAE04EC0-301F-11D3-BF4B-00C04F79EFBC}") = "BlazoredHtmlRender", "src\Modules\BlazoredHtmlRender\BlazoredHtmlRender.csproj", "{F3ED8CDD-2515-DF97-7CCE-DE02FB3C0B0D}"
EndProject
Project("{FAE04EC0-301F-11D3-BF4B-00C04F79EFBC}") = "MarsCodeEditor2", "src\Modules\MarsCodeEditor2\MarsCodeEditor2.csproj", "{386B5CF7-A093-6AA4-9B09-E04FC5927251}"
EndProject
Project("{FAE04EC0-301F-11D3-BF4B-00C04F79EFBC}") = "MarsEditors", "src\Modules\MarsEditors\MarsEditors.csproj", "{E63389D7-4176-6786-07EC-448286160CB5}"
EndProject
Project("{FAE04EC0-301F-11D3-BF4B-00C04F79EFBC}") = "Mars.WebApiClient", "src\Mars.WebApiClient\Mars.WebApiClient.csproj", "{9D2D288A-C108-4A4F-26FB-12011908AF7E}"
EndProject
Project("{FAE04EC0-301F-11D3-BF4B-00C04F79EFBC}") = "Mars.Host", "src\Mars.Host\Mars.Host.csproj", "{AAD1D290-B8E5-4284-FC1E-FC3C8345865F}"
EndProject
Project("{2150E333-8FDC-42A3-9474-1A3956D46DE8}") = "Mars.Datasource", "Mars.Datasource", "{7F3FE3F0-D56B-4EEE-9DEB-34085020EDBF}"
EndProject
Project("{FAE04EC0-301F-11D3-BF4B-00C04F79EFBC}") = "Mars.Datasource.Core", "src\Mars.Datasource\Mars.Datasource.Core\Mars.Datasource.Core.csproj", "{E13F6611-4C6A-8487-15C4-A3BA7B06B5F9}"
EndProject
Project("{FAE04EC0-301F-11D3-BF4B-00C04F79EFBC}") = "Mars.Datasource.Front", "src\Mars.Datasource\Mars.Datasource.Front\Mars.Datasource.Front.csproj", "{84CC93AE-0294-1E9D-DD8F-B7C0C075AF13}"
EndProject
Project("{FAE04EC0-301F-11D3-BF4B-00C04F79EFBC}") = "Mars.Datasource.Host", "src\Mars.Datasource\Mars.Datasource.Host\Mars.Datasource.Host.csproj", "{A5C373C6-92D4-A84F-1221-8D02CD16C25F}"
EndProject
Project("{FAE04EC0-301F-11D3-BF4B-00C04F79EFBC}") = "Mars.Datasource.Host.Core", "src\Mars.Datasource\Mars.Datasource.Host.Core\Mars.Datasource.Host.Core.csproj", "{107BAE34-907A-D047-3709-6CFF7635D010}"
EndProject
Project("{FAE04EC0-301F-11D3-BF4B-00C04F79EFBC}") = "Mars.Datasource.Host.MsSQL", "src\Mars.Datasource\Mars.Datasource.Host.MsSQL\Mars.Datasource.Host.MsSQL.csproj", "{8478BE19-D42D-7F05-B8B5-E127E7583006}"
EndProject
Project("{FAE04EC0-301F-11D3-BF4B-00C04F79EFBC}") = "Mars.Datasource.Host.MySQL", "src\Mars.Datasource\Mars.Datasource.Host.MySQL\Mars.Datasource.Host.MySQL.csproj", "{D39A7C8A-AE79-943D-5B94-BCCAEB98F31B}"
EndProject
Project("{FAE04EC0-301F-11D3-BF4B-00C04F79EFBC}") = "Mars.Datasource.Host.PostgreSQL", "src\Mars.Datasource\Mars.Datasource.Host.PostgreSQL\Mars.Datasource.Host.PostgreSQL.csproj", "{0DA61F37-7FB7-0F82-5CF3-6023A0EDC975}"
EndProject
Project("{2150E333-8FDC-42A3-9474-1A3956D46DE8}") = "Mars.Modules", "Mars.Modules", "{E49F71CA-3458-4760-818D-8496255D0FDF}"
EndProject
Project("{FAE04EC0-301F-11D3-BF4B-00C04F79EFBC}") = "Mars.Excel.Host", "src\Mars.Modules\Mars.Excel.Host\Mars.Excel.Host.csproj", "{1A1F91BD-860D-CEA6-0DC8-E73A764057AA}"
EndProject
Project("{FAE04EC0-301F-11D3-BF4B-00C04F79EFBC}") = "Mars.QueryLang", "src\Mars.Modules\Mars.QueryLang\Mars.QueryLang.csproj", "{C227E13B-3373-A705-2FC8-2566FFF50FE7}"
EndProject
Project("{FAE04EC0-301F-11D3-BF4B-00C04F79EFBC}") = "Mars.QueryLang.Host", "src\Mars.Modules\Mars.QueryLang.Host\Mars.QueryLang.Host.csproj", "{5E85A7BA-154A-BE02-36EF-18AFA9C3F6D3}"
EndProject
Project("{FAE04EC0-301F-11D3-BF4B-00C04F79EFBC}") = "Mars.Scheduler.Host", "src\Mars.Modules\Mars.Scheduler.Host\Mars.Scheduler.Host.csproj", "{62B19D99-EF58-E2DC-F4D6-A3A3365CCF6E}"
EndProject
Project("{FAE04EC0-301F-11D3-BF4B-00C04F79EFBC}") = "Mars.WebSiteProcessor", "src\Mars.Modules\Mars.WebSiteProcessor\Mars.WebSiteProcessor.csproj", "{2329DA8A-DAA8-A47C-6398-BF7EEF4A7A9A}"
EndProject
Project("{FAE04EC0-301F-11D3-BF4B-00C04F79EFBC}") = "Mars.WebSiteProcessor.Blazor", "src\Mars.Modules\Mars.WebSiteProcessor.Blazor\Mars.WebSiteProcessor.Blazor.csproj", "{261E3CFC-5250-B0FF-251C-9C0E7005D2E2}"
EndProject
Project("{FAE04EC0-301F-11D3-BF4B-00C04F79EFBC}") = "Mars.WebSiteProcessor.DatabaseHandlebars", "src\Mars.Modules\Mars.WebSiteProcessor.DatabaseHandlebars\Mars.WebSiteProcessor.DatabaseHandlebars.csproj", "{DF1AFDD8-216E-A129-4EAD-B158D3FCA9FD}"
EndProject
Project("{FAE04EC0-301F-11D3-BF4B-00C04F79EFBC}") = "Mars.WebSiteProcessor.Handlebars", "src\Mars.Modules\Mars.WebSiteProcessor.Handlebars\Mars.WebSiteProcessor.Handlebars.csproj", "{18CACDE6-551B-8BA0-6AA9-E35D1D2CE8D0}"
EndProject
Project("{2150E333-8FDC-42A3-9474-1A3956D46DE8}") = "Mars.Plugin", "Mars.Plugin", "{016141CF-BEA9-4DCC-94CB-F8CD8AC6F172}"
EndProject
Project("{FAE04EC0-301F-11D3-BF4B-00C04F79EFBC}") = "Mars.Plugin", "src\Plugin\Mars.Plugin\Mars.Plugin.csproj", "{DF925306-F5AB-412C-2F8F-8B5656BFF455}"
EndProject
Project("{FAE04EC0-301F-11D3-BF4B-00C04F79EFBC}") = "Mars.Plugin.Abstractions", "src\Plugin\Mars.Plugin.Abstractions\Mars.Plugin.Abstractions.csproj", "{30C90779-A285-1560-17A0-9CEC4A370B38}"
EndProject
Project("{FAE04EC0-301F-11D3-BF4B-00C04F79EFBC}") = "PluginExample", "src\Plugin\PluginExample\PluginExample.csproj", "{F5AA4A0F-94BB-10D4-7D3E-E627600B5EE1}"
EndProject
Project("{2150E333-8FDC-42A3-9474-1A3956D46DE8}") = "Benchmarks", "Benchmarks", "{CF0D06E8-BF77-4E3B-BDA0-AE336986DF46}"
EndProject
Project("{FAE04EC0-301F-11D3-BF4B-00C04F79EFBC}") = "Benchmarks.DatabaseQuery", "src\Benchmarks\Benchmarks.DatabaseQuery\Benchmarks.DatabaseQuery.csproj", "{37D0AE4E-29F0-425C-2DC9-7A219AEF6409}"
EndProject
Project("{FAE04EC0-301F-11D3-BF4B-00C04F79EFBC}") = "Benchmarks.MyHandlebars", "src\Benchmarks\Benchmarks.MyHandlebars\Benchmarks.MyHandlebars.csproj", "{A846D616-903F-1A73-7312-F24D5321B5CB}"
EndProject
Project("{FAE04EC0-301F-11D3-BF4B-00C04F79EFBC}") = "Benchmarks.MyHandlebars.Memory", "src\Benchmarks\Benchmarks.MyHandlebars.Memory\Benchmarks.MyHandlebars.Memory.csproj", "{E31F44B3-8A8E-4737-F32B-1A0FF183FAF3}"
EndProject
Project("{FAE04EC0-301F-11D3-BF4B-00C04F79EFBC}") = "Benchmarks.QueryLang", "src\Benchmarks\Benchmarks.QueryLang\Benchmarks.QueryLang.csproj", "{6AF14F98-A77E-5564-3DB1-DAEAE843D4A7}"
EndProject
Project("{FAE04EC0-301F-11D3-BF4B-00C04F79EFBC}") = "AppAdmin", "src\AppAdmin\AppAdmin.csproj", "{EF3CB85D-D36B-65B3-372A-8631FF8EA0F1}"
EndProject
Project("{FAE04EC0-301F-11D3-BF4B-00C04F79EFBC}") = "Mars.WebApp", "src\Mars.WebApp\Mars.WebApp.csproj", "{38AEBB07-5D01-D0FF-75B7-36643A1151EE}"
EndProject
Project("{2150E333-8FDC-42A3-9474-1A3956D46DE8}") = "Tests", "Tests", "{07D2B207-6B97-4A25-BDD0-8BDD447263E9}"
EndProject
Project("{FAE04EC0-301F-11D3-BF4B-00C04F79EFBC}") = "AppFront.Tests", "tests\AppFront.Tests\AppFront.Tests.csproj", "{D3A73A25-7DEA-6ED4-AC3E-D52059FC79F0}"
EndProject
Project("{FAE04EC0-301F-11D3-BF4B-00C04F79EFBC}") = "ExternalServices.Integration.Tests", "tests\ExternalServices.Integration.Tests\ExternalServices.Integration.Tests.csproj", "{596D90E0-F278-CB72-D3E3-E4C45E93EBF4}"
EndProject
Project("{FAE04EC0-301F-11D3-BF4B-00C04F79EFBC}") = "Mars.Datasource.Integration.Tests", "tests\Mars.Datasource.Integration.Tests\Mars.Datasource.Integration.Tests.csproj", "{C23747BE-DFC0-DC79-FDF6-317F9ED04718}"
EndProject
Project("{FAE04EC0-301F-11D3-BF4B-00C04F79EFBC}") = "Mars.Integration.Tests", "tests\Mars.Integration.Tests\Mars.Integration.Tests.csproj", "{7B5F370E-E667-58C0-BACF-9CA5F325E329}"
EndProject
Project("{FAE04EC0-301F-11D3-BF4B-00C04F79EFBC}") = "Mars.Nodes.Implements.Test", "tests\Mars.Nodes.Implements.Test\Mars.Nodes.Implements.Test.csproj", "{1C3F67FA-E045-2049-DD65-191ABF9C3AEA}"
EndProject
Project("{FAE04EC0-301F-11D3-BF4B-00C04F79EFBC}") = "Mars.Plugin.Integration.Tests", "tests\Mars.Plugin.Integration.Tests\Mars.Plugin.Integration.Tests.csproj", "{0D0CE874-48E7-5FFA-1EB4-7E3BA4E66527}"
EndProject
Project("{FAE04EC0-301F-11D3-BF4B-00C04F79EFBC}") = "Mars.Test.Common", "tests\Mars.Test.Common\Mars.Test.Common.csproj", "{D0736890-6E1A-8F6E-1A72-B262E58A4690}"
EndProject
Project("{FAE04EC0-301F-11D3-BF4B-00C04F79EFBC}") = "Mars.WebApiClient.Integration.Tests", "tests\Mars.WebApiClient.Integration.Tests\Mars.WebApiClient.Integration.Tests.csproj", "{64310303-962B-CF34-F689-9BCB5190E166}"
EndProject
Project("{FAE04EC0-301F-11D3-BF4B-00C04F79EFBC}") = "Test.Mars.Datasource.Host", "tests\Test.Mars.Datasource.Host\Test.Mars.Datasource.Host.csproj", "{B41A30B8-B30C-F33E-2978-C50AF6F10728}"
EndProject
Project("{FAE04EC0-301F-11D3-BF4B-00C04F79EFBC}") = "Test.Mars.Host", "tests\Test.Mars.Host\Test.Mars.Host.csproj", "{81EC341A-14F0-3D0D-38DF-3B54909CA247}"
EndProject
Project("{FAE04EC0-301F-11D3-BF4B-00C04F79EFBC}") = "Test.Mars.Plugin", "tests\Test.Mars.Plugin\Test.Mars.Plugin.csproj", "{FFC45004-D229-92AB-FEEB-76DE61F6348A}"
EndProject
Project("{FAE04EC0-301F-11D3-BF4B-00C04F79EFBC}") = "Test.Mars.WebSiteProcessor", "tests\Test.Mars.WebSiteProcessor\Test.Mars.WebSiteProcessor.csproj", "{292D3C9B-0FBC-ECC1-9EDE-16D896FDAE17}"
EndProject
Project("{FAE04EC0-301F-11D3-BF4B-00C04F79EFBC}") = "Test.Mars.Core", "tests\Test.Mars.Core\Test.Mars.Core.csproj", "{ECFA0E53-4505-A582-094F-C9CA11844A18}"
EndProject
Project("{FAE04EC0-301F-11D3-BF4B-00C04F79EFBC}") = "TestApp.Mars.Host.Data", "tests\TestApp.Mars.Host.Data\TestApp.Mars.Host.Data.csproj", "{78BE02CF-B845-A6A1-8639-0A3FDA8545E0}"
EndProject
Project("{2150E333-8FDC-42A3-9474-1A3956D46DE8}") = "DevStands", "DevStands", "{6F447B4F-2AD6-40B1-A82F-B20BE476A871}"
EndProject
Project("{FAE04EC0-301F-11D3-BF4B-00C04F79EFBC}") = "TestModules", "devstands\TestModules\TestModules.csproj", "{182499D0-B40B-11E0-5CA5-CCBE79C4A67B}"
EndProject
Project("{FAE04EC0-301F-11D3-BF4B-00C04F79EFBC}") = "DevAdmin.DevServer", "devstands\DevAdmin.DevServer\DevAdmin.DevServer.csproj", "{88FBC6FA-4244-529C-8E63-91C652549197}"
EndProject
Project("{2150E333-8FDC-42A3-9474-1A3956D46DE8}") = "Solution Items", "Solution Items", "{8EC462FD-D22E-90A8-E5CE-7E832BA40C5D}"
	ProjectSection(SolutionItems) = preProject
		.dockerignore = .dockerignore
		.editorconfig = .editorconfig
		.gitattributes = .gitattributes
		.gitignore = .gitignore
		Directory.Build.props = Directory.Build.props
		Directory.Packages.props = Directory.Packages.props
		Dockerfile = Dockerfile
		LICENSE = LICENSE
		Product_release_plan.md = Product_release_plan.md
		publish-docker.ps1 = publish-docker.ps1
		README.md = README.md
		Trubles.md = Trubles.md
	EndProjectSection
EndProject
Project("{FAE04EC0-301F-11D3-BF4B-00C04F79EFBC}") = "Mars.DockerContainer.Tests", "tests\Mars.DockerContainer.Tests\Mars.DockerContainer.Tests.csproj", "{51788964-0E8B-4DD1-95A7-906CD4B6BECF}"
EndProject
Project("{FAE04EC0-301F-11D3-BF4B-00C04F79EFBC}") = "Mars.Docker", "src\Mars.Modules\Mars.Docker\Mars.Docker.csproj", "{92AC6D9D-F859-4744-AAA1-722E822740F3}"
EndProject
Project("{FAE04EC0-301F-11D3-BF4B-00C04F79EFBC}") = "Mars.Docker.Host", "src\Mars.Modules\Mars.Docker.Host\Mars.Docker.Host.csproj", "{6917587E-A83A-4CE8-B957-70B44B530679}"
EndProject
Project("{FAE04EC0-301F-11D3-BF4B-00C04F79EFBC}") = "Mars.Docker.Front", "src\Mars.Modules\Mars.Docker.Front\Mars.Docker.Front.csproj", "{F32951FF-0D78-43C3-A79D-7C1F529DC6C9}"
EndProject
Project("{FAE04EC0-301F-11D3-BF4B-00C04F79EFBC}") = "Mars.Docker.Host.Shared", "src\Mars.Modules\Mars.Docker.Host.Shared\Mars.Docker.Host.Shared.csproj", "{48C2735C-17E1-FC37-3AF4-891221B2B4FD}"
EndProject
Project("{FAE04EC0-301F-11D3-BF4B-00C04F79EFBC}") = "Mars.Nodes.EditorApi", "src\Mars.Nodes\Mars.Nodes.EditorApi\Mars.Nodes.EditorApi.csproj", "{CAD4340F-1061-44CA-A2A5-B6A2A7019EEE}"
EndProject
Project("{FAE04EC0-301F-11D3-BF4B-00C04F79EFBC}") = "Mars.Plugin.Kit.Host", "src\Plugin\Mars.Plugin.Kit.Host\Mars.Plugin.Kit.Host.csproj", "{983447F9-2EB4-4ED9-8796-214A1C82C537}"
EndProject
Project("{FAE04EC0-301F-11D3-BF4B-00C04F79EFBC}") = "Mars.Plugin.Kit.Front", "src\Plugin\Mars.Plugin.Kit.Front\Mars.Plugin.Kit.Front.csproj", "{895A021C-489B-482F-B5AB-6A3B1D3DC934}"
EndProject
Project("{FAE04EC0-301F-11D3-BF4B-00C04F79EFBC}") = "Mars.Nodes.Workspace", "src\Mars.Nodes\Mars.Nodes.Workspace\Mars.Nodes.Workspace.csproj", "{35F117B1-C3CC-C764-7C5C-46F88150327A}"
EndProject
Project("{FAE04EC0-301F-11D3-BF4B-00C04F79EFBC}") = "Mars.Nodes.FormEditor", "src\Mars.Nodes\Mars.Nodes.FormEditor\Mars.Nodes.FormEditor.csproj", "{7055E2A8-8C62-AEB4-FAD8-8F0586C5FBE0}"
EndProject
Project("{FAE04EC0-301F-11D3-BF4B-00C04F79EFBC}") = "Mars.Plugin.Front", "src\Plugin\Mars.Plugin.Front\Mars.Plugin.Front.csproj", "{BE48B2BC-BD50-4377-BBCD-2D6C6F729B68}"
EndProject
Project("{FAE04EC0-301F-11D3-BF4B-00C04F79EFBC}") = "Mars.Plugin.PluginPublishScript", "src\Plugin\Mars.Plugin.PluginPublishScript\Mars.Plugin.PluginPublishScript.csproj", "{0D79F300-7E35-4F87-A5DC-1048C7870965}"
EndProject
Project("{FAE04EC0-301F-11D3-BF4B-00C04F79EFBC}") = "Mars.Plugin.PluginHost", "src\Plugin\Mars.Plugin.PluginHost\Mars.Plugin.PluginHost.csproj", "{4E4E5EF1-E9E8-4A45-B026-13B373043D30}"
EndProject
Project("{FAE04EC0-301F-11D3-BF4B-00C04F79EFBC}") = "Mars.Plugin.Front.Abstractions", "src\Plugin\Mars.Plugin.Front.Abstractions\Mars.Plugin.Front.Abstractions.csproj", "{5CC8DA21-E4FE-4E2D-A2F7-11EE13C32D55}"
EndProject
Project("{FAE04EC0-301F-11D3-BF4B-00C04F79EFBC}") = "Mars.SemanticKernel.Front", "src\Mars.Modules\Mars.SemanticKernel.Front\Mars.SemanticKernel.Front.csproj", "{52626647-F1A7-4B7C-B18F-F50718962C39}"
EndProject
Project("{FAE04EC0-301F-11D3-BF4B-00C04F79EFBC}") = "Mars.SemanticKernel.Host", "src\Mars.Modules\Mars.SemanticKernel.Host\Mars.SemanticKernel.Host.csproj", "{4C290266-BF73-462E-996D-047E91B49BEF}"
EndProject
Project("{FAE04EC0-301F-11D3-BF4B-00C04F79EFBC}") = "Mars.SemanticKernel.Shared", "src\Mars.Modules\Mars.SemanticKernel.Shared\Mars.SemanticKernel.Shared.csproj", "{A1CAF299-3D38-4566-BBF4-F60FDAB05A0D}"
EndProject
Project("{FAE04EC0-301F-11D3-BF4B-00C04F79EFBC}") = "Mars.SemanticKernel.Host.Shared", "src\Mars.Modules\Mars.SemanticKernel.Host.Shared\Mars.SemanticKernel.Host.Shared.csproj", "{E3A5A2AF-66C1-4184-92DE-EA4F7701C951}"
EndProject
Project("{2150E333-8FDC-42A3-9474-1A3956D46DE8}") = "SemanticKernel", "SemanticKernel", "{6AF6AFF3-E7EA-4D51-A5EB-124ABCC43EC7}"
EndProject
Project("{2150E333-8FDC-42A3-9474-1A3956D46DE8}") = "Docker", "Docker", "{D628A2D5-9497-457C-8D6B-C68DE386F7A5}"
EndProject
Project("{2150E333-8FDC-42A3-9474-1A3956D46DE8}") = "WebSiteProcessor", "WebSiteProcessor", "{E06FDDC3-8256-4A50-966E-747D19D4DAB8}"
EndProject
Project("{FAE04EC0-301F-11D3-BF4B-00C04F79EFBC}") = "Mars.MetaModelGenerator", "src\Mars.Modules\Mars.MetaModelGenerator\Mars.MetaModelGenerator.csproj", "{47EFC022-B1A3-486F-8F2B-07ADD5D2EA03}"
EndProject
Project("{FAE04EC0-301F-11D3-BF4B-00C04F79EFBC}") = "Test.Mars.MetaModelGenerator", "tests\Test.Mars.MetaModelGenerator\Test.Mars.MetaModelGenerator.csproj", "{E0C6DEEB-BCA5-4B35-BAA7-3D1715483A9D}"
EndProject
Project("{FAE04EC0-301F-11D3-BF4B-00C04F79EFBC}") = "EditorJsBlazored", "src\Modules\EditorJsBlazored\EditorJsBlazored\EditorJsBlazored.csproj", "{D63821F8-AD2F-C908-C72A-F67A3DC9763F}"
EndProject
Project("{2150E333-8FDC-42A3-9474-1A3956D46DE8}") = "BlockEditor", "BlockEditor", "{06CB4071-5BE8-47CF-B0BE-906DE10E81BD}"
EndProject
Project("{FAE04EC0-301F-11D3-BF4B-00C04F79EFBC}") = "EditorJsBlazoredDemo", "src\Modules\EditorJsBlazored\EditorJsBlazoredDemo\EditorJsBlazoredDemo.csproj", "{E384F948-E7AF-CC77-5EC7-41A69CD4BCB9}"
EndProject
Project("{FAE04EC0-301F-11D3-BF4B-00C04F79EFBC}") = "Test.EditorJsBlazored", "tests\Modules\Test.EditorJsBlazored\Test.EditorJsBlazored.csproj", "{88779F23-00EA-E1C5-5270-0A44B06F2CFF}"
EndProject
Project("{2150E333-8FDC-42A3-9474-1A3956D46DE8}") = "SSO", "SSO", "{DA4C7D27-D677-4AA6-BF86-B376B998C143}"
EndProject
Project("{FAE04EC0-301F-11D3-BF4B-00C04F79EFBC}") = "Mars.SSO", "src\Mars.Modules\Mars.SSO\Mars.SSO.csproj", "{E71B91FB-AA96-B9A1-7AB5-9F30577A492D}"
EndProject
Project("{FAE04EC0-301F-11D3-BF4B-00C04F79EFBC}") = "Mars.SSO.Host.OAuth", "src\Mars.Modules\Mars.SSO.Host.OAuth\Mars.SSO.Host.OAuth.csproj", "{B41A6C4B-DDC2-4539-9235-3B4132073CE4}"
EndProject
Global
	GlobalSection(SolutionConfigurationPlatforms) = preSolution
		Debug|Any CPU = Debug|Any CPU
		Release|Any CPU = Release|Any CPU
	EndGlobalSection
	GlobalSection(ProjectConfigurationPlatforms) = postSolution
		{4538C8A5-58EE-8280-8656-B0715C1EFCFB}.Debug|Any CPU.ActiveCfg = Debug|Any CPU
		{4538C8A5-58EE-8280-8656-B0715C1EFCFB}.Debug|Any CPU.Build.0 = Debug|Any CPU
		{4538C8A5-58EE-8280-8656-B0715C1EFCFB}.Release|Any CPU.ActiveCfg = Release|Any CPU
		{4538C8A5-58EE-8280-8656-B0715C1EFCFB}.Release|Any CPU.Build.0 = Release|Any CPU
		{F9AA2D4E-D4FA-25DE-63C5-326D6E445CAE}.Debug|Any CPU.ActiveCfg = Debug|Any CPU
		{F9AA2D4E-D4FA-25DE-63C5-326D6E445CAE}.Debug|Any CPU.Build.0 = Debug|Any CPU
		{F9AA2D4E-D4FA-25DE-63C5-326D6E445CAE}.Release|Any CPU.ActiveCfg = Release|Any CPU
		{F9AA2D4E-D4FA-25DE-63C5-326D6E445CAE}.Release|Any CPU.Build.0 = Release|Any CPU
		{1D2931E6-B748-5BA1-D8EF-F41647F0B3F8}.Debug|Any CPU.ActiveCfg = Debug|Any CPU
		{1D2931E6-B748-5BA1-D8EF-F41647F0B3F8}.Debug|Any CPU.Build.0 = Debug|Any CPU
		{1D2931E6-B748-5BA1-D8EF-F41647F0B3F8}.Release|Any CPU.ActiveCfg = Release|Any CPU
		{1D2931E6-B748-5BA1-D8EF-F41647F0B3F8}.Release|Any CPU.Build.0 = Release|Any CPU
		{EF7C698C-CE6B-6A2C-3FBE-4FBC14A82D9C}.Debug|Any CPU.ActiveCfg = Debug|Any CPU
		{EF7C698C-CE6B-6A2C-3FBE-4FBC14A82D9C}.Debug|Any CPU.Build.0 = Debug|Any CPU
		{EF7C698C-CE6B-6A2C-3FBE-4FBC14A82D9C}.Release|Any CPU.ActiveCfg = Release|Any CPU
		{EF7C698C-CE6B-6A2C-3FBE-4FBC14A82D9C}.Release|Any CPU.Build.0 = Release|Any CPU
		{DD93499A-F496-0DD0-3FE4-1EF3AFFFCB9A}.Debug|Any CPU.ActiveCfg = Debug|Any CPU
		{DD93499A-F496-0DD0-3FE4-1EF3AFFFCB9A}.Debug|Any CPU.Build.0 = Debug|Any CPU
		{DD93499A-F496-0DD0-3FE4-1EF3AFFFCB9A}.Release|Any CPU.ActiveCfg = Release|Any CPU
		{DD93499A-F496-0DD0-3FE4-1EF3AFFFCB9A}.Release|Any CPU.Build.0 = Release|Any CPU
		{C756A8FF-75FF-AB69-956B-6FBB8F754F05}.Debug|Any CPU.ActiveCfg = Debug|Any CPU
		{C756A8FF-75FF-AB69-956B-6FBB8F754F05}.Debug|Any CPU.Build.0 = Debug|Any CPU
		{C756A8FF-75FF-AB69-956B-6FBB8F754F05}.Release|Any CPU.ActiveCfg = Release|Any CPU
		{C756A8FF-75FF-AB69-956B-6FBB8F754F05}.Release|Any CPU.Build.0 = Release|Any CPU
		{E6D4A909-A67F-3406-25A8-8EEB33E1E004}.Debug|Any CPU.ActiveCfg = Debug|Any CPU
		{E6D4A909-A67F-3406-25A8-8EEB33E1E004}.Debug|Any CPU.Build.0 = Debug|Any CPU
		{E6D4A909-A67F-3406-25A8-8EEB33E1E004}.Release|Any CPU.ActiveCfg = Release|Any CPU
		{E6D4A909-A67F-3406-25A8-8EEB33E1E004}.Release|Any CPU.Build.0 = Release|Any CPU
		{5C7D733F-F783-ADDE-1754-7A7A0DC8ADE6}.Debug|Any CPU.ActiveCfg = Debug|Any CPU
		{5C7D733F-F783-ADDE-1754-7A7A0DC8ADE6}.Debug|Any CPU.Build.0 = Debug|Any CPU
		{5C7D733F-F783-ADDE-1754-7A7A0DC8ADE6}.Release|Any CPU.ActiveCfg = Release|Any CPU
		{5C7D733F-F783-ADDE-1754-7A7A0DC8ADE6}.Release|Any CPU.Build.0 = Release|Any CPU
		{EA134E33-0847-E9A5-DA42-DCC14A77E2D6}.Debug|Any CPU.ActiveCfg = Debug|Any CPU
		{EA134E33-0847-E9A5-DA42-DCC14A77E2D6}.Debug|Any CPU.Build.0 = Debug|Any CPU
		{EA134E33-0847-E9A5-DA42-DCC14A77E2D6}.Release|Any CPU.ActiveCfg = Release|Any CPU
		{EA134E33-0847-E9A5-DA42-DCC14A77E2D6}.Release|Any CPU.Build.0 = Release|Any CPU
		{2D59DF5A-79C8-6983-F8D8-89D1176802A5}.Debug|Any CPU.ActiveCfg = Debug|Any CPU
		{2D59DF5A-79C8-6983-F8D8-89D1176802A5}.Debug|Any CPU.Build.0 = Debug|Any CPU
		{2D59DF5A-79C8-6983-F8D8-89D1176802A5}.Release|Any CPU.ActiveCfg = Release|Any CPU
		{2D59DF5A-79C8-6983-F8D8-89D1176802A5}.Release|Any CPU.Build.0 = Release|Any CPU
		{A16E9779-9886-8D9F-EEFA-E1F5309B0810}.Debug|Any CPU.ActiveCfg = Debug|Any CPU
		{A16E9779-9886-8D9F-EEFA-E1F5309B0810}.Debug|Any CPU.Build.0 = Debug|Any CPU
		{A16E9779-9886-8D9F-EEFA-E1F5309B0810}.Release|Any CPU.ActiveCfg = Release|Any CPU
		{A16E9779-9886-8D9F-EEFA-E1F5309B0810}.Release|Any CPU.Build.0 = Release|Any CPU
		{749B38BE-8A53-56DE-F876-AA05589D15E7}.Debug|Any CPU.ActiveCfg = Debug|Any CPU
		{749B38BE-8A53-56DE-F876-AA05589D15E7}.Debug|Any CPU.Build.0 = Debug|Any CPU
		{749B38BE-8A53-56DE-F876-AA05589D15E7}.Release|Any CPU.ActiveCfg = Release|Any CPU
		{749B38BE-8A53-56DE-F876-AA05589D15E7}.Release|Any CPU.Build.0 = Release|Any CPU
		{A79AAEF5-8001-B335-3AC9-81AF0784972F}.Debug|Any CPU.ActiveCfg = Debug|Any CPU
		{A79AAEF5-8001-B335-3AC9-81AF0784972F}.Debug|Any CPU.Build.0 = Debug|Any CPU
		{A79AAEF5-8001-B335-3AC9-81AF0784972F}.Release|Any CPU.ActiveCfg = Release|Any CPU
		{A79AAEF5-8001-B335-3AC9-81AF0784972F}.Release|Any CPU.Build.0 = Release|Any CPU
		{6ECCB7C6-CAC8-F05E-607D-96EA4A17F8FE}.Debug|Any CPU.ActiveCfg = Debug|Any CPU
		{6ECCB7C6-CAC8-F05E-607D-96EA4A17F8FE}.Debug|Any CPU.Build.0 = Debug|Any CPU
		{6ECCB7C6-CAC8-F05E-607D-96EA4A17F8FE}.Release|Any CPU.ActiveCfg = Release|Any CPU
		{6ECCB7C6-CAC8-F05E-607D-96EA4A17F8FE}.Release|Any CPU.Build.0 = Release|Any CPU
		{E018BC07-4EFA-8079-04AC-18A4E00551E4}.Debug|Any CPU.ActiveCfg = Debug|Any CPU
		{E018BC07-4EFA-8079-04AC-18A4E00551E4}.Debug|Any CPU.Build.0 = Debug|Any CPU
		{E018BC07-4EFA-8079-04AC-18A4E00551E4}.Release|Any CPU.ActiveCfg = Release|Any CPU
		{E018BC07-4EFA-8079-04AC-18A4E00551E4}.Release|Any CPU.Build.0 = Release|Any CPU
		{726B3967-471D-1C6F-6B37-5774C951FDD1}.Debug|Any CPU.ActiveCfg = Debug|Any CPU
		{726B3967-471D-1C6F-6B37-5774C951FDD1}.Debug|Any CPU.Build.0 = Debug|Any CPU
		{726B3967-471D-1C6F-6B37-5774C951FDD1}.Release|Any CPU.ActiveCfg = Release|Any CPU
		{726B3967-471D-1C6F-6B37-5774C951FDD1}.Release|Any CPU.Build.0 = Release|Any CPU
		{C7E2FDC6-E785-0856-C19D-4E8AC60A14DB}.Debug|Any CPU.ActiveCfg = Debug|Any CPU
		{C7E2FDC6-E785-0856-C19D-4E8AC60A14DB}.Debug|Any CPU.Build.0 = Debug|Any CPU
		{C7E2FDC6-E785-0856-C19D-4E8AC60A14DB}.Release|Any CPU.ActiveCfg = Release|Any CPU
		{C7E2FDC6-E785-0856-C19D-4E8AC60A14DB}.Release|Any CPU.Build.0 = Release|Any CPU
		{F3ED8CDD-2515-DF97-7CCE-DE02FB3C0B0D}.Debug|Any CPU.ActiveCfg = Debug|Any CPU
		{F3ED8CDD-2515-DF97-7CCE-DE02FB3C0B0D}.Debug|Any CPU.Build.0 = Debug|Any CPU
		{F3ED8CDD-2515-DF97-7CCE-DE02FB3C0B0D}.Release|Any CPU.ActiveCfg = Release|Any CPU
		{F3ED8CDD-2515-DF97-7CCE-DE02FB3C0B0D}.Release|Any CPU.Build.0 = Release|Any CPU
		{386B5CF7-A093-6AA4-9B09-E04FC5927251}.Debug|Any CPU.ActiveCfg = Debug|Any CPU
		{386B5CF7-A093-6AA4-9B09-E04FC5927251}.Debug|Any CPU.Build.0 = Debug|Any CPU
		{386B5CF7-A093-6AA4-9B09-E04FC5927251}.Release|Any CPU.ActiveCfg = Release|Any CPU
		{386B5CF7-A093-6AA4-9B09-E04FC5927251}.Release|Any CPU.Build.0 = Release|Any CPU
		{E63389D7-4176-6786-07EC-448286160CB5}.Debug|Any CPU.ActiveCfg = Debug|Any CPU
		{E63389D7-4176-6786-07EC-448286160CB5}.Debug|Any CPU.Build.0 = Debug|Any CPU
		{E63389D7-4176-6786-07EC-448286160CB5}.Release|Any CPU.ActiveCfg = Release|Any CPU
		{E63389D7-4176-6786-07EC-448286160CB5}.Release|Any CPU.Build.0 = Release|Any CPU
		{9D2D288A-C108-4A4F-26FB-12011908AF7E}.Debug|Any CPU.ActiveCfg = Debug|Any CPU
		{9D2D288A-C108-4A4F-26FB-12011908AF7E}.Debug|Any CPU.Build.0 = Debug|Any CPU
		{9D2D288A-C108-4A4F-26FB-12011908AF7E}.Release|Any CPU.ActiveCfg = Release|Any CPU
		{9D2D288A-C108-4A4F-26FB-12011908AF7E}.Release|Any CPU.Build.0 = Release|Any CPU
		{AAD1D290-B8E5-4284-FC1E-FC3C8345865F}.Debug|Any CPU.ActiveCfg = Debug|Any CPU
		{AAD1D290-B8E5-4284-FC1E-FC3C8345865F}.Debug|Any CPU.Build.0 = Debug|Any CPU
		{AAD1D290-B8E5-4284-FC1E-FC3C8345865F}.Release|Any CPU.ActiveCfg = Release|Any CPU
		{AAD1D290-B8E5-4284-FC1E-FC3C8345865F}.Release|Any CPU.Build.0 = Release|Any CPU
		{E13F6611-4C6A-8487-15C4-A3BA7B06B5F9}.Debug|Any CPU.ActiveCfg = Debug|Any CPU
		{E13F6611-4C6A-8487-15C4-A3BA7B06B5F9}.Debug|Any CPU.Build.0 = Debug|Any CPU
		{E13F6611-4C6A-8487-15C4-A3BA7B06B5F9}.Release|Any CPU.ActiveCfg = Release|Any CPU
		{E13F6611-4C6A-8487-15C4-A3BA7B06B5F9}.Release|Any CPU.Build.0 = Release|Any CPU
		{84CC93AE-0294-1E9D-DD8F-B7C0C075AF13}.Debug|Any CPU.ActiveCfg = Debug|Any CPU
		{84CC93AE-0294-1E9D-DD8F-B7C0C075AF13}.Debug|Any CPU.Build.0 = Debug|Any CPU
		{84CC93AE-0294-1E9D-DD8F-B7C0C075AF13}.Release|Any CPU.ActiveCfg = Release|Any CPU
		{84CC93AE-0294-1E9D-DD8F-B7C0C075AF13}.Release|Any CPU.Build.0 = Release|Any CPU
		{A5C373C6-92D4-A84F-1221-8D02CD16C25F}.Debug|Any CPU.ActiveCfg = Debug|Any CPU
		{A5C373C6-92D4-A84F-1221-8D02CD16C25F}.Debug|Any CPU.Build.0 = Debug|Any CPU
		{A5C373C6-92D4-A84F-1221-8D02CD16C25F}.Release|Any CPU.ActiveCfg = Release|Any CPU
		{A5C373C6-92D4-A84F-1221-8D02CD16C25F}.Release|Any CPU.Build.0 = Release|Any CPU
		{107BAE34-907A-D047-3709-6CFF7635D010}.Debug|Any CPU.ActiveCfg = Debug|Any CPU
		{107BAE34-907A-D047-3709-6CFF7635D010}.Debug|Any CPU.Build.0 = Debug|Any CPU
		{107BAE34-907A-D047-3709-6CFF7635D010}.Release|Any CPU.ActiveCfg = Release|Any CPU
		{107BAE34-907A-D047-3709-6CFF7635D010}.Release|Any CPU.Build.0 = Release|Any CPU
		{8478BE19-D42D-7F05-B8B5-E127E7583006}.Debug|Any CPU.ActiveCfg = Debug|Any CPU
		{8478BE19-D42D-7F05-B8B5-E127E7583006}.Debug|Any CPU.Build.0 = Debug|Any CPU
		{8478BE19-D42D-7F05-B8B5-E127E7583006}.Release|Any CPU.ActiveCfg = Release|Any CPU
		{8478BE19-D42D-7F05-B8B5-E127E7583006}.Release|Any CPU.Build.0 = Release|Any CPU
		{D39A7C8A-AE79-943D-5B94-BCCAEB98F31B}.Debug|Any CPU.ActiveCfg = Debug|Any CPU
		{D39A7C8A-AE79-943D-5B94-BCCAEB98F31B}.Debug|Any CPU.Build.0 = Debug|Any CPU
		{D39A7C8A-AE79-943D-5B94-BCCAEB98F31B}.Release|Any CPU.ActiveCfg = Release|Any CPU
		{D39A7C8A-AE79-943D-5B94-BCCAEB98F31B}.Release|Any CPU.Build.0 = Release|Any CPU
		{0DA61F37-7FB7-0F82-5CF3-6023A0EDC975}.Debug|Any CPU.ActiveCfg = Debug|Any CPU
		{0DA61F37-7FB7-0F82-5CF3-6023A0EDC975}.Debug|Any CPU.Build.0 = Debug|Any CPU
		{0DA61F37-7FB7-0F82-5CF3-6023A0EDC975}.Release|Any CPU.ActiveCfg = Release|Any CPU
		{0DA61F37-7FB7-0F82-5CF3-6023A0EDC975}.Release|Any CPU.Build.0 = Release|Any CPU
		{1A1F91BD-860D-CEA6-0DC8-E73A764057AA}.Debug|Any CPU.ActiveCfg = Debug|Any CPU
		{1A1F91BD-860D-CEA6-0DC8-E73A764057AA}.Debug|Any CPU.Build.0 = Debug|Any CPU
		{1A1F91BD-860D-CEA6-0DC8-E73A764057AA}.Release|Any CPU.ActiveCfg = Release|Any CPU
		{1A1F91BD-860D-CEA6-0DC8-E73A764057AA}.Release|Any CPU.Build.0 = Release|Any CPU
		{C227E13B-3373-A705-2FC8-2566FFF50FE7}.Debug|Any CPU.ActiveCfg = Debug|Any CPU
		{C227E13B-3373-A705-2FC8-2566FFF50FE7}.Debug|Any CPU.Build.0 = Debug|Any CPU
		{C227E13B-3373-A705-2FC8-2566FFF50FE7}.Release|Any CPU.ActiveCfg = Release|Any CPU
		{C227E13B-3373-A705-2FC8-2566FFF50FE7}.Release|Any CPU.Build.0 = Release|Any CPU
		{5E85A7BA-154A-BE02-36EF-18AFA9C3F6D3}.Debug|Any CPU.ActiveCfg = Debug|Any CPU
		{5E85A7BA-154A-BE02-36EF-18AFA9C3F6D3}.Debug|Any CPU.Build.0 = Debug|Any CPU
		{5E85A7BA-154A-BE02-36EF-18AFA9C3F6D3}.Release|Any CPU.ActiveCfg = Release|Any CPU
		{5E85A7BA-154A-BE02-36EF-18AFA9C3F6D3}.Release|Any CPU.Build.0 = Release|Any CPU
		{62B19D99-EF58-E2DC-F4D6-A3A3365CCF6E}.Debug|Any CPU.ActiveCfg = Debug|Any CPU
		{62B19D99-EF58-E2DC-F4D6-A3A3365CCF6E}.Debug|Any CPU.Build.0 = Debug|Any CPU
		{62B19D99-EF58-E2DC-F4D6-A3A3365CCF6E}.Release|Any CPU.ActiveCfg = Release|Any CPU
		{62B19D99-EF58-E2DC-F4D6-A3A3365CCF6E}.Release|Any CPU.Build.0 = Release|Any CPU
		{2329DA8A-DAA8-A47C-6398-BF7EEF4A7A9A}.Debug|Any CPU.ActiveCfg = Debug|Any CPU
		{2329DA8A-DAA8-A47C-6398-BF7EEF4A7A9A}.Debug|Any CPU.Build.0 = Debug|Any CPU
		{2329DA8A-DAA8-A47C-6398-BF7EEF4A7A9A}.Release|Any CPU.ActiveCfg = Release|Any CPU
		{2329DA8A-DAA8-A47C-6398-BF7EEF4A7A9A}.Release|Any CPU.Build.0 = Release|Any CPU
		{261E3CFC-5250-B0FF-251C-9C0E7005D2E2}.Debug|Any CPU.ActiveCfg = Debug|Any CPU
		{261E3CFC-5250-B0FF-251C-9C0E7005D2E2}.Debug|Any CPU.Build.0 = Debug|Any CPU
		{261E3CFC-5250-B0FF-251C-9C0E7005D2E2}.Release|Any CPU.ActiveCfg = Release|Any CPU
		{261E3CFC-5250-B0FF-251C-9C0E7005D2E2}.Release|Any CPU.Build.0 = Release|Any CPU
		{DF1AFDD8-216E-A129-4EAD-B158D3FCA9FD}.Debug|Any CPU.ActiveCfg = Debug|Any CPU
		{DF1AFDD8-216E-A129-4EAD-B158D3FCA9FD}.Debug|Any CPU.Build.0 = Debug|Any CPU
		{DF1AFDD8-216E-A129-4EAD-B158D3FCA9FD}.Release|Any CPU.ActiveCfg = Release|Any CPU
		{DF1AFDD8-216E-A129-4EAD-B158D3FCA9FD}.Release|Any CPU.Build.0 = Release|Any CPU
		{18CACDE6-551B-8BA0-6AA9-E35D1D2CE8D0}.Debug|Any CPU.ActiveCfg = Debug|Any CPU
		{18CACDE6-551B-8BA0-6AA9-E35D1D2CE8D0}.Debug|Any CPU.Build.0 = Debug|Any CPU
		{18CACDE6-551B-8BA0-6AA9-E35D1D2CE8D0}.Release|Any CPU.ActiveCfg = Release|Any CPU
		{18CACDE6-551B-8BA0-6AA9-E35D1D2CE8D0}.Release|Any CPU.Build.0 = Release|Any CPU
		{DF925306-F5AB-412C-2F8F-8B5656BFF455}.Debug|Any CPU.ActiveCfg = Debug|Any CPU
		{DF925306-F5AB-412C-2F8F-8B5656BFF455}.Debug|Any CPU.Build.0 = Debug|Any CPU
		{DF925306-F5AB-412C-2F8F-8B5656BFF455}.Release|Any CPU.ActiveCfg = Release|Any CPU
		{DF925306-F5AB-412C-2F8F-8B5656BFF455}.Release|Any CPU.Build.0 = Release|Any CPU
		{30C90779-A285-1560-17A0-9CEC4A370B38}.Debug|Any CPU.ActiveCfg = Debug|Any CPU
		{30C90779-A285-1560-17A0-9CEC4A370B38}.Debug|Any CPU.Build.0 = Debug|Any CPU
		{30C90779-A285-1560-17A0-9CEC4A370B38}.Release|Any CPU.ActiveCfg = Release|Any CPU
		{30C90779-A285-1560-17A0-9CEC4A370B38}.Release|Any CPU.Build.0 = Release|Any CPU
		{F5AA4A0F-94BB-10D4-7D3E-E627600B5EE1}.Debug|Any CPU.ActiveCfg = Debug|Any CPU
		{F5AA4A0F-94BB-10D4-7D3E-E627600B5EE1}.Debug|Any CPU.Build.0 = Debug|Any CPU
		{F5AA4A0F-94BB-10D4-7D3E-E627600B5EE1}.Release|Any CPU.ActiveCfg = Release|Any CPU
		{F5AA4A0F-94BB-10D4-7D3E-E627600B5EE1}.Release|Any CPU.Build.0 = Release|Any CPU
		{37D0AE4E-29F0-425C-2DC9-7A219AEF6409}.Debug|Any CPU.ActiveCfg = Debug|Any CPU
		{37D0AE4E-29F0-425C-2DC9-7A219AEF6409}.Debug|Any CPU.Build.0 = Debug|Any CPU
		{37D0AE4E-29F0-425C-2DC9-7A219AEF6409}.Release|Any CPU.ActiveCfg = Release|Any CPU
		{37D0AE4E-29F0-425C-2DC9-7A219AEF6409}.Release|Any CPU.Build.0 = Release|Any CPU
		{A846D616-903F-1A73-7312-F24D5321B5CB}.Debug|Any CPU.ActiveCfg = Debug|Any CPU
		{A846D616-903F-1A73-7312-F24D5321B5CB}.Debug|Any CPU.Build.0 = Debug|Any CPU
		{A846D616-903F-1A73-7312-F24D5321B5CB}.Release|Any CPU.ActiveCfg = Release|Any CPU
		{A846D616-903F-1A73-7312-F24D5321B5CB}.Release|Any CPU.Build.0 = Release|Any CPU
		{E31F44B3-8A8E-4737-F32B-1A0FF183FAF3}.Debug|Any CPU.ActiveCfg = Debug|Any CPU
		{E31F44B3-8A8E-4737-F32B-1A0FF183FAF3}.Debug|Any CPU.Build.0 = Debug|Any CPU
		{E31F44B3-8A8E-4737-F32B-1A0FF183FAF3}.Release|Any CPU.ActiveCfg = Release|Any CPU
		{E31F44B3-8A8E-4737-F32B-1A0FF183FAF3}.Release|Any CPU.Build.0 = Release|Any CPU
		{6AF14F98-A77E-5564-3DB1-DAEAE843D4A7}.Debug|Any CPU.ActiveCfg = Debug|Any CPU
		{6AF14F98-A77E-5564-3DB1-DAEAE843D4A7}.Debug|Any CPU.Build.0 = Debug|Any CPU
		{6AF14F98-A77E-5564-3DB1-DAEAE843D4A7}.Release|Any CPU.ActiveCfg = Release|Any CPU
		{6AF14F98-A77E-5564-3DB1-DAEAE843D4A7}.Release|Any CPU.Build.0 = Release|Any CPU
		{EF3CB85D-D36B-65B3-372A-8631FF8EA0F1}.Debug|Any CPU.ActiveCfg = Debug|Any CPU
		{EF3CB85D-D36B-65B3-372A-8631FF8EA0F1}.Debug|Any CPU.Build.0 = Debug|Any CPU
		{EF3CB85D-D36B-65B3-372A-8631FF8EA0F1}.Release|Any CPU.ActiveCfg = Release|Any CPU
		{EF3CB85D-D36B-65B3-372A-8631FF8EA0F1}.Release|Any CPU.Build.0 = Release|Any CPU
		{38AEBB07-5D01-D0FF-75B7-36643A1151EE}.Debug|Any CPU.ActiveCfg = Debug|Any CPU
		{38AEBB07-5D01-D0FF-75B7-36643A1151EE}.Debug|Any CPU.Build.0 = Debug|Any CPU
		{38AEBB07-5D01-D0FF-75B7-36643A1151EE}.Release|Any CPU.ActiveCfg = Release|Any CPU
		{38AEBB07-5D01-D0FF-75B7-36643A1151EE}.Release|Any CPU.Build.0 = Release|Any CPU
		{D3A73A25-7DEA-6ED4-AC3E-D52059FC79F0}.Debug|Any CPU.ActiveCfg = Debug|Any CPU
		{D3A73A25-7DEA-6ED4-AC3E-D52059FC79F0}.Debug|Any CPU.Build.0 = Debug|Any CPU
		{D3A73A25-7DEA-6ED4-AC3E-D52059FC79F0}.Release|Any CPU.ActiveCfg = Release|Any CPU
		{D3A73A25-7DEA-6ED4-AC3E-D52059FC79F0}.Release|Any CPU.Build.0 = Release|Any CPU
		{596D90E0-F278-CB72-D3E3-E4C45E93EBF4}.Debug|Any CPU.ActiveCfg = Debug|Any CPU
		{596D90E0-F278-CB72-D3E3-E4C45E93EBF4}.Debug|Any CPU.Build.0 = Debug|Any CPU
		{596D90E0-F278-CB72-D3E3-E4C45E93EBF4}.Release|Any CPU.ActiveCfg = Release|Any CPU
		{596D90E0-F278-CB72-D3E3-E4C45E93EBF4}.Release|Any CPU.Build.0 = Release|Any CPU
		{C23747BE-DFC0-DC79-FDF6-317F9ED04718}.Debug|Any CPU.ActiveCfg = Debug|Any CPU
		{C23747BE-DFC0-DC79-FDF6-317F9ED04718}.Debug|Any CPU.Build.0 = Debug|Any CPU
		{C23747BE-DFC0-DC79-FDF6-317F9ED04718}.Release|Any CPU.ActiveCfg = Release|Any CPU
		{C23747BE-DFC0-DC79-FDF6-317F9ED04718}.Release|Any CPU.Build.0 = Release|Any CPU
		{7B5F370E-E667-58C0-BACF-9CA5F325E329}.Debug|Any CPU.ActiveCfg = Debug|Any CPU
		{7B5F370E-E667-58C0-BACF-9CA5F325E329}.Debug|Any CPU.Build.0 = Debug|Any CPU
		{7B5F370E-E667-58C0-BACF-9CA5F325E329}.Release|Any CPU.ActiveCfg = Release|Any CPU
		{7B5F370E-E667-58C0-BACF-9CA5F325E329}.Release|Any CPU.Build.0 = Release|Any CPU
		{1C3F67FA-E045-2049-DD65-191ABF9C3AEA}.Debug|Any CPU.ActiveCfg = Debug|Any CPU
		{1C3F67FA-E045-2049-DD65-191ABF9C3AEA}.Debug|Any CPU.Build.0 = Debug|Any CPU
		{1C3F67FA-E045-2049-DD65-191ABF9C3AEA}.Release|Any CPU.ActiveCfg = Release|Any CPU
		{1C3F67FA-E045-2049-DD65-191ABF9C3AEA}.Release|Any CPU.Build.0 = Release|Any CPU
		{0D0CE874-48E7-5FFA-1EB4-7E3BA4E66527}.Debug|Any CPU.ActiveCfg = Debug|Any CPU
		{0D0CE874-48E7-5FFA-1EB4-7E3BA4E66527}.Debug|Any CPU.Build.0 = Debug|Any CPU
		{0D0CE874-48E7-5FFA-1EB4-7E3BA4E66527}.Release|Any CPU.ActiveCfg = Release|Any CPU
		{0D0CE874-48E7-5FFA-1EB4-7E3BA4E66527}.Release|Any CPU.Build.0 = Release|Any CPU
		{D0736890-6E1A-8F6E-1A72-B262E58A4690}.Debug|Any CPU.ActiveCfg = Debug|Any CPU
		{D0736890-6E1A-8F6E-1A72-B262E58A4690}.Debug|Any CPU.Build.0 = Debug|Any CPU
		{D0736890-6E1A-8F6E-1A72-B262E58A4690}.Release|Any CPU.ActiveCfg = Release|Any CPU
		{D0736890-6E1A-8F6E-1A72-B262E58A4690}.Release|Any CPU.Build.0 = Release|Any CPU
		{64310303-962B-CF34-F689-9BCB5190E166}.Debug|Any CPU.ActiveCfg = Debug|Any CPU
		{64310303-962B-CF34-F689-9BCB5190E166}.Debug|Any CPU.Build.0 = Debug|Any CPU
		{64310303-962B-CF34-F689-9BCB5190E166}.Release|Any CPU.ActiveCfg = Release|Any CPU
		{64310303-962B-CF34-F689-9BCB5190E166}.Release|Any CPU.Build.0 = Release|Any CPU
		{B41A30B8-B30C-F33E-2978-C50AF6F10728}.Debug|Any CPU.ActiveCfg = Debug|Any CPU
		{B41A30B8-B30C-F33E-2978-C50AF6F10728}.Debug|Any CPU.Build.0 = Debug|Any CPU
		{B41A30B8-B30C-F33E-2978-C50AF6F10728}.Release|Any CPU.ActiveCfg = Release|Any CPU
		{B41A30B8-B30C-F33E-2978-C50AF6F10728}.Release|Any CPU.Build.0 = Release|Any CPU
		{81EC341A-14F0-3D0D-38DF-3B54909CA247}.Debug|Any CPU.ActiveCfg = Debug|Any CPU
		{81EC341A-14F0-3D0D-38DF-3B54909CA247}.Debug|Any CPU.Build.0 = Debug|Any CPU
		{81EC341A-14F0-3D0D-38DF-3B54909CA247}.Release|Any CPU.ActiveCfg = Release|Any CPU
		{81EC341A-14F0-3D0D-38DF-3B54909CA247}.Release|Any CPU.Build.0 = Release|Any CPU
		{FFC45004-D229-92AB-FEEB-76DE61F6348A}.Debug|Any CPU.ActiveCfg = Debug|Any CPU
		{FFC45004-D229-92AB-FEEB-76DE61F6348A}.Debug|Any CPU.Build.0 = Debug|Any CPU
		{FFC45004-D229-92AB-FEEB-76DE61F6348A}.Release|Any CPU.ActiveCfg = Release|Any CPU
		{FFC45004-D229-92AB-FEEB-76DE61F6348A}.Release|Any CPU.Build.0 = Release|Any CPU
		{292D3C9B-0FBC-ECC1-9EDE-16D896FDAE17}.Debug|Any CPU.ActiveCfg = Debug|Any CPU
		{292D3C9B-0FBC-ECC1-9EDE-16D896FDAE17}.Debug|Any CPU.Build.0 = Debug|Any CPU
		{292D3C9B-0FBC-ECC1-9EDE-16D896FDAE17}.Release|Any CPU.ActiveCfg = Release|Any CPU
		{292D3C9B-0FBC-ECC1-9EDE-16D896FDAE17}.Release|Any CPU.Build.0 = Release|Any CPU
		{ECFA0E53-4505-A582-094F-C9CA11844A18}.Debug|Any CPU.ActiveCfg = Debug|Any CPU
		{ECFA0E53-4505-A582-094F-C9CA11844A18}.Debug|Any CPU.Build.0 = Debug|Any CPU
		{ECFA0E53-4505-A582-094F-C9CA11844A18}.Release|Any CPU.ActiveCfg = Release|Any CPU
		{ECFA0E53-4505-A582-094F-C9CA11844A18}.Release|Any CPU.Build.0 = Release|Any CPU
		{78BE02CF-B845-A6A1-8639-0A3FDA8545E0}.Debug|Any CPU.ActiveCfg = Debug|Any CPU
		{78BE02CF-B845-A6A1-8639-0A3FDA8545E0}.Debug|Any CPU.Build.0 = Debug|Any CPU
		{78BE02CF-B845-A6A1-8639-0A3FDA8545E0}.Release|Any CPU.ActiveCfg = Release|Any CPU
		{78BE02CF-B845-A6A1-8639-0A3FDA8545E0}.Release|Any CPU.Build.0 = Release|Any CPU
		{182499D0-B40B-11E0-5CA5-CCBE79C4A67B}.Debug|Any CPU.ActiveCfg = Debug|Any CPU
		{182499D0-B40B-11E0-5CA5-CCBE79C4A67B}.Debug|Any CPU.Build.0 = Debug|Any CPU
		{182499D0-B40B-11E0-5CA5-CCBE79C4A67B}.Release|Any CPU.ActiveCfg = Release|Any CPU
		{182499D0-B40B-11E0-5CA5-CCBE79C4A67B}.Release|Any CPU.Build.0 = Release|Any CPU
		{88FBC6FA-4244-529C-8E63-91C652549197}.Debug|Any CPU.ActiveCfg = Debug|Any CPU
		{88FBC6FA-4244-529C-8E63-91C652549197}.Debug|Any CPU.Build.0 = Debug|Any CPU
		{88FBC6FA-4244-529C-8E63-91C652549197}.Release|Any CPU.ActiveCfg = Release|Any CPU
		{88FBC6FA-4244-529C-8E63-91C652549197}.Release|Any CPU.Build.0 = Release|Any CPU
		{51788964-0E8B-4DD1-95A7-906CD4B6BECF}.Debug|Any CPU.ActiveCfg = Debug|Any CPU
		{51788964-0E8B-4DD1-95A7-906CD4B6BECF}.Debug|Any CPU.Build.0 = Debug|Any CPU
		{51788964-0E8B-4DD1-95A7-906CD4B6BECF}.Release|Any CPU.ActiveCfg = Release|Any CPU
		{51788964-0E8B-4DD1-95A7-906CD4B6BECF}.Release|Any CPU.Build.0 = Release|Any CPU
		{92AC6D9D-F859-4744-AAA1-722E822740F3}.Debug|Any CPU.ActiveCfg = Debug|Any CPU
		{92AC6D9D-F859-4744-AAA1-722E822740F3}.Debug|Any CPU.Build.0 = Debug|Any CPU
		{92AC6D9D-F859-4744-AAA1-722E822740F3}.Release|Any CPU.ActiveCfg = Release|Any CPU
		{92AC6D9D-F859-4744-AAA1-722E822740F3}.Release|Any CPU.Build.0 = Release|Any CPU
		{6917587E-A83A-4CE8-B957-70B44B530679}.Debug|Any CPU.ActiveCfg = Debug|Any CPU
		{6917587E-A83A-4CE8-B957-70B44B530679}.Debug|Any CPU.Build.0 = Debug|Any CPU
		{6917587E-A83A-4CE8-B957-70B44B530679}.Release|Any CPU.ActiveCfg = Release|Any CPU
		{6917587E-A83A-4CE8-B957-70B44B530679}.Release|Any CPU.Build.0 = Release|Any CPU
		{F32951FF-0D78-43C3-A79D-7C1F529DC6C9}.Debug|Any CPU.ActiveCfg = Debug|Any CPU
		{F32951FF-0D78-43C3-A79D-7C1F529DC6C9}.Debug|Any CPU.Build.0 = Debug|Any CPU
		{F32951FF-0D78-43C3-A79D-7C1F529DC6C9}.Release|Any CPU.ActiveCfg = Release|Any CPU
		{F32951FF-0D78-43C3-A79D-7C1F529DC6C9}.Release|Any CPU.Build.0 = Release|Any CPU
		{48C2735C-17E1-FC37-3AF4-891221B2B4FD}.Debug|Any CPU.ActiveCfg = Debug|Any CPU
		{48C2735C-17E1-FC37-3AF4-891221B2B4FD}.Debug|Any CPU.Build.0 = Debug|Any CPU
		{48C2735C-17E1-FC37-3AF4-891221B2B4FD}.Release|Any CPU.ActiveCfg = Release|Any CPU
		{48C2735C-17E1-FC37-3AF4-891221B2B4FD}.Release|Any CPU.Build.0 = Release|Any CPU
		{CAD4340F-1061-44CA-A2A5-B6A2A7019EEE}.Debug|Any CPU.ActiveCfg = Debug|Any CPU
		{CAD4340F-1061-44CA-A2A5-B6A2A7019EEE}.Debug|Any CPU.Build.0 = Debug|Any CPU
		{CAD4340F-1061-44CA-A2A5-B6A2A7019EEE}.Release|Any CPU.ActiveCfg = Release|Any CPU
		{CAD4340F-1061-44CA-A2A5-B6A2A7019EEE}.Release|Any CPU.Build.0 = Release|Any CPU
		{983447F9-2EB4-4ED9-8796-214A1C82C537}.Debug|Any CPU.ActiveCfg = Debug|Any CPU
		{983447F9-2EB4-4ED9-8796-214A1C82C537}.Debug|Any CPU.Build.0 = Debug|Any CPU
		{983447F9-2EB4-4ED9-8796-214A1C82C537}.Release|Any CPU.ActiveCfg = Release|Any CPU
		{983447F9-2EB4-4ED9-8796-214A1C82C537}.Release|Any CPU.Build.0 = Release|Any CPU
		{895A021C-489B-482F-B5AB-6A3B1D3DC934}.Debug|Any CPU.ActiveCfg = Debug|Any CPU
		{895A021C-489B-482F-B5AB-6A3B1D3DC934}.Debug|Any CPU.Build.0 = Debug|Any CPU
		{895A021C-489B-482F-B5AB-6A3B1D3DC934}.Release|Any CPU.ActiveCfg = Release|Any CPU
		{895A021C-489B-482F-B5AB-6A3B1D3DC934}.Release|Any CPU.Build.0 = Release|Any CPU
		{35F117B1-C3CC-C764-7C5C-46F88150327A}.Debug|Any CPU.ActiveCfg = Debug|Any CPU
		{35F117B1-C3CC-C764-7C5C-46F88150327A}.Debug|Any CPU.Build.0 = Debug|Any CPU
		{35F117B1-C3CC-C764-7C5C-46F88150327A}.Release|Any CPU.ActiveCfg = Release|Any CPU
		{35F117B1-C3CC-C764-7C5C-46F88150327A}.Release|Any CPU.Build.0 = Release|Any CPU
		{7055E2A8-8C62-AEB4-FAD8-8F0586C5FBE0}.Debug|Any CPU.ActiveCfg = Debug|Any CPU
		{7055E2A8-8C62-AEB4-FAD8-8F0586C5FBE0}.Debug|Any CPU.Build.0 = Debug|Any CPU
		{7055E2A8-8C62-AEB4-FAD8-8F0586C5FBE0}.Release|Any CPU.ActiveCfg = Release|Any CPU
		{7055E2A8-8C62-AEB4-FAD8-8F0586C5FBE0}.Release|Any CPU.Build.0 = Release|Any CPU
		{BE48B2BC-BD50-4377-BBCD-2D6C6F729B68}.Debug|Any CPU.ActiveCfg = Debug|Any CPU
		{BE48B2BC-BD50-4377-BBCD-2D6C6F729B68}.Debug|Any CPU.Build.0 = Debug|Any CPU
		{BE48B2BC-BD50-4377-BBCD-2D6C6F729B68}.Release|Any CPU.ActiveCfg = Release|Any CPU
		{BE48B2BC-BD50-4377-BBCD-2D6C6F729B68}.Release|Any CPU.Build.0 = Release|Any CPU
		{0D79F300-7E35-4F87-A5DC-1048C7870965}.Debug|Any CPU.ActiveCfg = Debug|Any CPU
		{0D79F300-7E35-4F87-A5DC-1048C7870965}.Debug|Any CPU.Build.0 = Debug|Any CPU
		{0D79F300-7E35-4F87-A5DC-1048C7870965}.Release|Any CPU.ActiveCfg = Release|Any CPU
		{0D79F300-7E35-4F87-A5DC-1048C7870965}.Release|Any CPU.Build.0 = Release|Any CPU
		{4E4E5EF1-E9E8-4A45-B026-13B373043D30}.Debug|Any CPU.ActiveCfg = Debug|Any CPU
		{4E4E5EF1-E9E8-4A45-B026-13B373043D30}.Debug|Any CPU.Build.0 = Debug|Any CPU
		{4E4E5EF1-E9E8-4A45-B026-13B373043D30}.Release|Any CPU.ActiveCfg = Release|Any CPU
		{4E4E5EF1-E9E8-4A45-B026-13B373043D30}.Release|Any CPU.Build.0 = Release|Any CPU
		{5CC8DA21-E4FE-4E2D-A2F7-11EE13C32D55}.Debug|Any CPU.ActiveCfg = Debug|Any CPU
		{5CC8DA21-E4FE-4E2D-A2F7-11EE13C32D55}.Debug|Any CPU.Build.0 = Debug|Any CPU
		{5CC8DA21-E4FE-4E2D-A2F7-11EE13C32D55}.Release|Any CPU.ActiveCfg = Release|Any CPU
		{5CC8DA21-E4FE-4E2D-A2F7-11EE13C32D55}.Release|Any CPU.Build.0 = Release|Any CPU
		{52626647-F1A7-4B7C-B18F-F50718962C39}.Debug|Any CPU.ActiveCfg = Debug|Any CPU
		{52626647-F1A7-4B7C-B18F-F50718962C39}.Debug|Any CPU.Build.0 = Debug|Any CPU
		{52626647-F1A7-4B7C-B18F-F50718962C39}.Release|Any CPU.ActiveCfg = Release|Any CPU
		{52626647-F1A7-4B7C-B18F-F50718962C39}.Release|Any CPU.Build.0 = Release|Any CPU
		{4C290266-BF73-462E-996D-047E91B49BEF}.Debug|Any CPU.ActiveCfg = Debug|Any CPU
		{4C290266-BF73-462E-996D-047E91B49BEF}.Debug|Any CPU.Build.0 = Debug|Any CPU
		{4C290266-BF73-462E-996D-047E91B49BEF}.Release|Any CPU.ActiveCfg = Release|Any CPU
		{4C290266-BF73-462E-996D-047E91B49BEF}.Release|Any CPU.Build.0 = Release|Any CPU
		{A1CAF299-3D38-4566-BBF4-F60FDAB05A0D}.Debug|Any CPU.ActiveCfg = Debug|Any CPU
		{A1CAF299-3D38-4566-BBF4-F60FDAB05A0D}.Debug|Any CPU.Build.0 = Debug|Any CPU
		{A1CAF299-3D38-4566-BBF4-F60FDAB05A0D}.Release|Any CPU.ActiveCfg = Release|Any CPU
		{A1CAF299-3D38-4566-BBF4-F60FDAB05A0D}.Release|Any CPU.Build.0 = Release|Any CPU
		{E3A5A2AF-66C1-4184-92DE-EA4F7701C951}.Debug|Any CPU.ActiveCfg = Debug|Any CPU
		{E3A5A2AF-66C1-4184-92DE-EA4F7701C951}.Debug|Any CPU.Build.0 = Debug|Any CPU
		{E3A5A2AF-66C1-4184-92DE-EA4F7701C951}.Release|Any CPU.ActiveCfg = Release|Any CPU
		{E3A5A2AF-66C1-4184-92DE-EA4F7701C951}.Release|Any CPU.Build.0 = Release|Any CPU
		{47EFC022-B1A3-486F-8F2B-07ADD5D2EA03}.Debug|Any CPU.ActiveCfg = Debug|Any CPU
		{47EFC022-B1A3-486F-8F2B-07ADD5D2EA03}.Debug|Any CPU.Build.0 = Debug|Any CPU
		{47EFC022-B1A3-486F-8F2B-07ADD5D2EA03}.Release|Any CPU.ActiveCfg = Release|Any CPU
		{47EFC022-B1A3-486F-8F2B-07ADD5D2EA03}.Release|Any CPU.Build.0 = Release|Any CPU
		{E0C6DEEB-BCA5-4B35-BAA7-3D1715483A9D}.Debug|Any CPU.ActiveCfg = Debug|Any CPU
		{E0C6DEEB-BCA5-4B35-BAA7-3D1715483A9D}.Debug|Any CPU.Build.0 = Debug|Any CPU
		{E0C6DEEB-BCA5-4B35-BAA7-3D1715483A9D}.Release|Any CPU.ActiveCfg = Release|Any CPU
		{E0C6DEEB-BCA5-4B35-BAA7-3D1715483A9D}.Release|Any CPU.Build.0 = Release|Any CPU
		{D63821F8-AD2F-C908-C72A-F67A3DC9763F}.Debug|Any CPU.ActiveCfg = Debug|Any CPU
		{D63821F8-AD2F-C908-C72A-F67A3DC9763F}.Debug|Any CPU.Build.0 = Debug|Any CPU
		{D63821F8-AD2F-C908-C72A-F67A3DC9763F}.Release|Any CPU.ActiveCfg = Release|Any CPU
		{D63821F8-AD2F-C908-C72A-F67A3DC9763F}.Release|Any CPU.Build.0 = Release|Any CPU
		{E384F948-E7AF-CC77-5EC7-41A69CD4BCB9}.Debug|Any CPU.ActiveCfg = Debug|Any CPU
		{E384F948-E7AF-CC77-5EC7-41A69CD4BCB9}.Debug|Any CPU.Build.0 = Debug|Any CPU
		{E384F948-E7AF-CC77-5EC7-41A69CD4BCB9}.Release|Any CPU.ActiveCfg = Release|Any CPU
		{E384F948-E7AF-CC77-5EC7-41A69CD4BCB9}.Release|Any CPU.Build.0 = Release|Any CPU
		{88779F23-00EA-E1C5-5270-0A44B06F2CFF}.Debug|Any CPU.ActiveCfg = Debug|Any CPU
		{88779F23-00EA-E1C5-5270-0A44B06F2CFF}.Debug|Any CPU.Build.0 = Debug|Any CPU
		{88779F23-00EA-E1C5-5270-0A44B06F2CFF}.Release|Any CPU.ActiveCfg = Release|Any CPU
		{88779F23-00EA-E1C5-5270-0A44B06F2CFF}.Release|Any CPU.Build.0 = Release|Any CPU
		{E71B91FB-AA96-B9A1-7AB5-9F30577A492D}.Debug|Any CPU.ActiveCfg = Debug|Any CPU
		{E71B91FB-AA96-B9A1-7AB5-9F30577A492D}.Debug|Any CPU.Build.0 = Debug|Any CPU
		{E71B91FB-AA96-B9A1-7AB5-9F30577A492D}.Release|Any CPU.ActiveCfg = Release|Any CPU
		{E71B91FB-AA96-B9A1-7AB5-9F30577A492D}.Release|Any CPU.Build.0 = Release|Any CPU
		{B41A6C4B-DDC2-4539-9235-3B4132073CE4}.Debug|Any CPU.ActiveCfg = Debug|Any CPU
		{B41A6C4B-DDC2-4539-9235-3B4132073CE4}.Debug|Any CPU.Build.0 = Debug|Any CPU
		{B41A6C4B-DDC2-4539-9235-3B4132073CE4}.Release|Any CPU.ActiveCfg = Release|Any CPU
		{B41A6C4B-DDC2-4539-9235-3B4132073CE4}.Release|Any CPU.Build.0 = Release|Any CPU
	EndGlobalSection
	GlobalSection(SolutionProperties) = preSolution
		HideSolutionNode = FALSE
	EndGlobalSection
	GlobalSection(NestedProjects) = preSolution
		{4538C8A5-58EE-8280-8656-B0715C1EFCFB} = {02EA681E-C7D8-13C7-8484-4AC65E1B71E8}
		{F9AA2D4E-D4FA-25DE-63C5-326D6E445CAE} = {02EA681E-C7D8-13C7-8484-4AC65E1B71E8}
		{1D2931E6-B748-5BA1-D8EF-F41647F0B3F8} = {FE062109-9930-4643-9725-002DACBD091B}
		{EF7C698C-CE6B-6A2C-3FBE-4FBC14A82D9C} = {FE062109-9930-4643-9725-002DACBD091B}
		{DD93499A-F496-0DD0-3FE4-1EF3AFFFCB9A} = {FE062109-9930-4643-9725-002DACBD091B}
		{C756A8FF-75FF-AB69-956B-6FBB8F754F05} = {FE062109-9930-4643-9725-002DACBD091B}
		{E6D4A909-A67F-3406-25A8-8EEB33E1E004} = {7044F725-E691-4C66-814C-C4ED23871946}
		{5C7D733F-F783-ADDE-1754-7A7A0DC8ADE6} = {7044F725-E691-4C66-814C-C4ED23871946}
		{EA134E33-0847-E9A5-DA42-DCC14A77E2D6} = {7044F725-E691-4C66-814C-C4ED23871946}
		{2D59DF5A-79C8-6983-F8D8-89D1176802A5} = {7044F725-E691-4C66-814C-C4ED23871946}
		{A16E9779-9886-8D9F-EEFA-E1F5309B0810} = {7044F725-E691-4C66-814C-C4ED23871946}
		{749B38BE-8A53-56DE-F876-AA05589D15E7} = {7044F725-E691-4C66-814C-C4ED23871946}
		{A79AAEF5-8001-B335-3AC9-81AF0784972F} = {1335C4E7-820B-4533-99E3-1A076183B8CC}
		{6ECCB7C6-CAC8-F05E-607D-96EA4A17F8FE} = {1335C4E7-820B-4533-99E3-1A076183B8CC}
		{E018BC07-4EFA-8079-04AC-18A4E00551E4} = {1335C4E7-820B-4533-99E3-1A076183B8CC}
		{726B3967-471D-1C6F-6B37-5774C951FDD1} = {54437917-C291-4423-8B0C-7206C4B1E9A2}
		{C7E2FDC6-E785-0856-C19D-4E8AC60A14DB} = {54437917-C291-4423-8B0C-7206C4B1E9A2}
		{F3ED8CDD-2515-DF97-7CCE-DE02FB3C0B0D} = {3959D17C-A3F8-46CC-8A23-DBF80A2F6260}
		{386B5CF7-A093-6AA4-9B09-E04FC5927251} = {3959D17C-A3F8-46CC-8A23-DBF80A2F6260}
		{E63389D7-4176-6786-07EC-448286160CB5} = {3959D17C-A3F8-46CC-8A23-DBF80A2F6260}
		{9D2D288A-C108-4A4F-26FB-12011908AF7E} = {3959D17C-A3F8-46CC-8A23-DBF80A2F6260}
		{AAD1D290-B8E5-4284-FC1E-FC3C8345865F} = {FE062109-9930-4643-9725-002DACBD091B}
		{7F3FE3F0-D56B-4EEE-9DEB-34085020EDBF} = {E49F71CA-3458-4760-818D-8496255D0FDF}
		{E13F6611-4C6A-8487-15C4-A3BA7B06B5F9} = {7F3FE3F0-D56B-4EEE-9DEB-34085020EDBF}
		{84CC93AE-0294-1E9D-DD8F-B7C0C075AF13} = {7F3FE3F0-D56B-4EEE-9DEB-34085020EDBF}
		{A5C373C6-92D4-A84F-1221-8D02CD16C25F} = {7F3FE3F0-D56B-4EEE-9DEB-34085020EDBF}
		{107BAE34-907A-D047-3709-6CFF7635D010} = {7F3FE3F0-D56B-4EEE-9DEB-34085020EDBF}
		{8478BE19-D42D-7F05-B8B5-E127E7583006} = {7F3FE3F0-D56B-4EEE-9DEB-34085020EDBF}
		{D39A7C8A-AE79-943D-5B94-BCCAEB98F31B} = {7F3FE3F0-D56B-4EEE-9DEB-34085020EDBF}
		{0DA61F37-7FB7-0F82-5CF3-6023A0EDC975} = {7F3FE3F0-D56B-4EEE-9DEB-34085020EDBF}
		{1A1F91BD-860D-CEA6-0DC8-E73A764057AA} = {E49F71CA-3458-4760-818D-8496255D0FDF}
		{C227E13B-3373-A705-2FC8-2566FFF50FE7} = {E49F71CA-3458-4760-818D-8496255D0FDF}
		{5E85A7BA-154A-BE02-36EF-18AFA9C3F6D3} = {E49F71CA-3458-4760-818D-8496255D0FDF}
		{62B19D99-EF58-E2DC-F4D6-A3A3365CCF6E} = {E49F71CA-3458-4760-818D-8496255D0FDF}
		{2329DA8A-DAA8-A47C-6398-BF7EEF4A7A9A} = {E06FDDC3-8256-4A50-966E-747D19D4DAB8}
		{261E3CFC-5250-B0FF-251C-9C0E7005D2E2} = {E06FDDC3-8256-4A50-966E-747D19D4DAB8}
		{DF1AFDD8-216E-A129-4EAD-B158D3FCA9FD} = {E06FDDC3-8256-4A50-966E-747D19D4DAB8}
		{18CACDE6-551B-8BA0-6AA9-E35D1D2CE8D0} = {E06FDDC3-8256-4A50-966E-747D19D4DAB8}
		{DF925306-F5AB-412C-2F8F-8B5656BFF455} = {016141CF-BEA9-4DCC-94CB-F8CD8AC6F172}
		{30C90779-A285-1560-17A0-9CEC4A370B38} = {016141CF-BEA9-4DCC-94CB-F8CD8AC6F172}
		{F5AA4A0F-94BB-10D4-7D3E-E627600B5EE1} = {016141CF-BEA9-4DCC-94CB-F8CD8AC6F172}
		{37D0AE4E-29F0-425C-2DC9-7A219AEF6409} = {CF0D06E8-BF77-4E3B-BDA0-AE336986DF46}
		{A846D616-903F-1A73-7312-F24D5321B5CB} = {CF0D06E8-BF77-4E3B-BDA0-AE336986DF46}
		{E31F44B3-8A8E-4737-F32B-1A0FF183FAF3} = {CF0D06E8-BF77-4E3B-BDA0-AE336986DF46}
		{6AF14F98-A77E-5564-3DB1-DAEAE843D4A7} = {CF0D06E8-BF77-4E3B-BDA0-AE336986DF46}
		{D3A73A25-7DEA-6ED4-AC3E-D52059FC79F0} = {07D2B207-6B97-4A25-BDD0-8BDD447263E9}
		{596D90E0-F278-CB72-D3E3-E4C45E93EBF4} = {07D2B207-6B97-4A25-BDD0-8BDD447263E9}
		{C23747BE-DFC0-DC79-FDF6-317F9ED04718} = {07D2B207-6B97-4A25-BDD0-8BDD447263E9}
		{7B5F370E-E667-58C0-BACF-9CA5F325E329} = {07D2B207-6B97-4A25-BDD0-8BDD447263E9}
		{1C3F67FA-E045-2049-DD65-191ABF9C3AEA} = {07D2B207-6B97-4A25-BDD0-8BDD447263E9}
		{0D0CE874-48E7-5FFA-1EB4-7E3BA4E66527} = {07D2B207-6B97-4A25-BDD0-8BDD447263E9}
		{D0736890-6E1A-8F6E-1A72-B262E58A4690} = {07D2B207-6B97-4A25-BDD0-8BDD447263E9}
		{64310303-962B-CF34-F689-9BCB5190E166} = {07D2B207-6B97-4A25-BDD0-8BDD447263E9}
		{B41A30B8-B30C-F33E-2978-C50AF6F10728} = {07D2B207-6B97-4A25-BDD0-8BDD447263E9}
		{81EC341A-14F0-3D0D-38DF-3B54909CA247} = {07D2B207-6B97-4A25-BDD0-8BDD447263E9}
		{FFC45004-D229-92AB-FEEB-76DE61F6348A} = {07D2B207-6B97-4A25-BDD0-8BDD447263E9}
		{292D3C9B-0FBC-ECC1-9EDE-16D896FDAE17} = {07D2B207-6B97-4A25-BDD0-8BDD447263E9}
		{ECFA0E53-4505-A582-094F-C9CA11844A18} = {07D2B207-6B97-4A25-BDD0-8BDD447263E9}
		{78BE02CF-B845-A6A1-8639-0A3FDA8545E0} = {07D2B207-6B97-4A25-BDD0-8BDD447263E9}
		{182499D0-B40B-11E0-5CA5-CCBE79C4A67B} = {6F447B4F-2AD6-40B1-A82F-B20BE476A871}
		{88FBC6FA-4244-529C-8E63-91C652549197} = {6F447B4F-2AD6-40B1-A82F-B20BE476A871}
		{51788964-0E8B-4DD1-95A7-906CD4B6BECF} = {07D2B207-6B97-4A25-BDD0-8BDD447263E9}
		{92AC6D9D-F859-4744-AAA1-722E822740F3} = {D628A2D5-9497-457C-8D6B-C68DE386F7A5}
		{6917587E-A83A-4CE8-B957-70B44B530679} = {D628A2D5-9497-457C-8D6B-C68DE386F7A5}
		{F32951FF-0D78-43C3-A79D-7C1F529DC6C9} = {D628A2D5-9497-457C-8D6B-C68DE386F7A5}
		{48C2735C-17E1-FC37-3AF4-891221B2B4FD} = {D628A2D5-9497-457C-8D6B-C68DE386F7A5}
		{CAD4340F-1061-44CA-A2A5-B6A2A7019EEE} = {7044F725-E691-4C66-814C-C4ED23871946}
		{983447F9-2EB4-4ED9-8796-214A1C82C537} = {016141CF-BEA9-4DCC-94CB-F8CD8AC6F172}
		{895A021C-489B-482F-B5AB-6A3B1D3DC934} = {016141CF-BEA9-4DCC-94CB-F8CD8AC6F172}
		{35F117B1-C3CC-C764-7C5C-46F88150327A} = {7044F725-E691-4C66-814C-C4ED23871946}
		{7055E2A8-8C62-AEB4-FAD8-8F0586C5FBE0} = {7044F725-E691-4C66-814C-C4ED23871946}
		{BE48B2BC-BD50-4377-BBCD-2D6C6F729B68} = {016141CF-BEA9-4DCC-94CB-F8CD8AC6F172}
		{0D79F300-7E35-4F87-A5DC-1048C7870965} = {016141CF-BEA9-4DCC-94CB-F8CD8AC6F172}
		{4E4E5EF1-E9E8-4A45-B026-13B373043D30} = {016141CF-BEA9-4DCC-94CB-F8CD8AC6F172}
		{5CC8DA21-E4FE-4E2D-A2F7-11EE13C32D55} = {016141CF-BEA9-4DCC-94CB-F8CD8AC6F172}
		{52626647-F1A7-4B7C-B18F-F50718962C39} = {6AF6AFF3-E7EA-4D51-A5EB-124ABCC43EC7}
		{4C290266-BF73-462E-996D-047E91B49BEF} = {6AF6AFF3-E7EA-4D51-A5EB-124ABCC43EC7}
		{A1CAF299-3D38-4566-BBF4-F60FDAB05A0D} = {6AF6AFF3-E7EA-4D51-A5EB-124ABCC43EC7}
		{E3A5A2AF-66C1-4184-92DE-EA4F7701C951} = {6AF6AFF3-E7EA-4D51-A5EB-124ABCC43EC7}
		{6AF6AFF3-E7EA-4D51-A5EB-124ABCC43EC7} = {E49F71CA-3458-4760-818D-8496255D0FDF}
		{D628A2D5-9497-457C-8D6B-C68DE386F7A5} = {E49F71CA-3458-4760-818D-8496255D0FDF}
		{E06FDDC3-8256-4A50-966E-747D19D4DAB8} = {E49F71CA-3458-4760-818D-8496255D0FDF}
		{47EFC022-B1A3-486F-8F2B-07ADD5D2EA03} = {E49F71CA-3458-4760-818D-8496255D0FDF}
		{E0C6DEEB-BCA5-4B35-BAA7-3D1715483A9D} = {07D2B207-6B97-4A25-BDD0-8BDD447263E9}
		{D63821F8-AD2F-C908-C72A-F67A3DC9763F} = {06CB4071-5BE8-47CF-B0BE-906DE10E81BD}
		{06CB4071-5BE8-47CF-B0BE-906DE10E81BD} = {3959D17C-A3F8-46CC-8A23-DBF80A2F6260}
		{E384F948-E7AF-CC77-5EC7-41A69CD4BCB9} = {06CB4071-5BE8-47CF-B0BE-906DE10E81BD}
		{88779F23-00EA-E1C5-5270-0A44B06F2CFF} = {06CB4071-5BE8-47CF-B0BE-906DE10E81BD}
		{DA4C7D27-D677-4AA6-BF86-B376B998C143} = {E49F71CA-3458-4760-818D-8496255D0FDF}
		{E71B91FB-AA96-B9A1-7AB5-9F30577A492D} = {DA4C7D27-D677-4AA6-BF86-B376B998C143}
		{B41A6C4B-DDC2-4539-9235-3B4132073CE4} = {DA4C7D27-D677-4AA6-BF86-B376B998C143}
	EndGlobalSection
	GlobalSection(ExtensibilityGlobals) = postSolution
		SolutionGuid = {CD8D4F7A-BC38-43EA-9F4B-6BDB92828DCC}
	EndGlobalSection
EndGlobal
